
Microsoft Visual Studio Solution File, Format Version 12.00
# Visual Studio Version 16
VisualStudioVersion = 16.0.30114.128
MinimumVisualStudioVersion = 10.0.40219.1
Project("{8BC9CEB8-8B4A-11D0-8D11-00A0C91BC942}") = "CommonLibSSE", "CommonLibSSE.vcxproj", "{C1AF9204-EE2D-421B-B11E-1D70D8ACC11F}"
EndProject
Project("{2150E333-8FDC-42A3-9474-1A3956D46DE8}") = "Library", "Library", "{D9E5D394-8740-4D80-9A22-813165F6FC05}"
EndProject
Project("{2150E333-8FDC-42A3-9474-1A3956D46DE8}") = "Projects", "Projects", "{F6F21BCD-77A1-4DFC-8BED-CD689BB66866}"
EndProject
Project("{8BC9CEB8-8B4A-11D0-8D11-00A0C91BC942}") = "po3_FEC", "..\Projects\FEC\FEC.vcxproj", "{876A9C23-1A2A-496F-92A2-0B49A845C0D8}"
EndProject
Project("{8BC9CEB8-8B4A-11D0-8D11-00A0C91BC942}") = "Footprints", "..\Projects\Footprints\Footprints.vcxproj", "{4D608E7E-FD4F-4725-BEC0-3B25D5B79A9F}"
EndProject
Project("{8BC9CEB8-8B4A-11D0-8D11-00A0C91BC942}") = "po3_PapyrusExtender", "..\Projects\PapyrusExtenderSSE\PapyrusExtender.vcxproj", "{330347F6-F933-4C02-AE08-91B9F7203234}"
EndProject
Project("{8BC9CEB8-8B4A-11D0-8D11-00A0C91BC942}") = "po3_FastTravelWhenIndoors", "..\Projects\fastTravelIndoors\FastTravelIndoors.vcxproj", "{547171CB-F934-40B9-B788-3C520FE66363}"
EndProject
Project("{8BC9CEB8-8B4A-11D0-8D11-00A0C91BC942}") = "po3_DescriptiveSpellTomes", "..\Projects\DescriptiveSpellTomes\DescriptiveSpellTomes.vcxproj", "{27055442-2141-4A9B-ADD4-6298178CD606}"
EndProject
Project("{8BC9CEB8-8B4A-11D0-8D11-00A0C91BC942}") = "po3_WashThatBloodOff", "..\Projects\WashThatBloodOff\WashThatBloodOff.vcxproj", "{9F44D62A-8A45-4FD3-8142-22A229A8A2F4}"
EndProject
Project("{8BC9CEB8-8B4A-11D0-8D11-00A0C91BC942}") = "po3_SpellPerkItemDistributor", "..\Projects\Spell Distribution\SpellPerkItemDistributor.vcxproj", "{5747ABEE-7310-4410-A567-0080A148BDF9}"
EndProject
Project("{8BC9CEB8-8B4A-11D0-8D11-00A0C91BC942}") = "po3_SalesOverflowSolved", "..\Projects\SOS\SOS.vcxproj", "{417E7705-46BC-4933-BE9F-899DA3FC1D09}"
EndProject
Project("{8BC9CEB8-8B4A-11D0-8D11-00A0C91BC942}") = "po3_SimpleOffenceSuppression", "..\Projects\BloodOnFace\BloodOnFace.vcxproj", "{6A02570E-C383-42F7-A063-DAA03A6EEB6C}"
EndProject
Project("{8BC9CEB8-8B4A-11D0-8D11-00A0C91BC942}") = "po3_NoAttackMessages", "..\Projects\StoreDecap\StoreDecap.vcxproj", "{8A31A5DF-ED73-4ED7-8866-729A2B7C97E8}"
EndProject
Project("{8BC9CEB8-8B4A-11D0-8D11-00A0C91BC942}") = "po3_RepeatablePickpocketing", "..\Projects\RepeatablePickpocketing\RepeatablePickpocketing.vcxproj", "{B0761B7B-D86D-403F-A22E-72C589D24BF7}"
EndProject
Global
	GlobalSection(SolutionConfigurationPlatforms) = preSolution
		Debug Unicode|x64 = Debug Unicode|x64
		Debug Unicode|x86 = Debug Unicode|x86
		Debug|x64 = Debug|x64
		Debug|x86 = Debug|x86
		Release Unicode|x64 = Release Unicode|x64
		Release Unicode|x86 = Release Unicode|x86
		Release|x64 = Release|x64
		Release|x86 = Release|x86
	EndGlobalSection
	GlobalSection(ProjectConfigurationPlatforms) = postSolution
		{C1AF9204-EE2D-421B-B11E-1D70D8ACC11F}.Debug Unicode|x64.ActiveCfg = Debug|x64
		{C1AF9204-EE2D-421B-B11E-1D70D8ACC11F}.Debug Unicode|x64.Build.0 = Debug|x64
		{C1AF9204-EE2D-421B-B11E-1D70D8ACC11F}.Debug Unicode|x86.ActiveCfg = Debug|Win32
		{C1AF9204-EE2D-421B-B11E-1D70D8ACC11F}.Debug Unicode|x86.Build.0 = Debug|Win32
		{C1AF9204-EE2D-421B-B11E-1D70D8ACC11F}.Debug|x64.ActiveCfg = Debug|x64
		{C1AF9204-EE2D-421B-B11E-1D70D8ACC11F}.Debug|x64.Build.0 = Debug|x64
		{C1AF9204-EE2D-421B-B11E-1D70D8ACC11F}.Debug|x86.ActiveCfg = Debug|Win32
		{C1AF9204-EE2D-421B-B11E-1D70D8ACC11F}.Debug|x86.Build.0 = Debug|Win32
		{C1AF9204-EE2D-421B-B11E-1D70D8ACC11F}.Release Unicode|x64.ActiveCfg = Release|x64
		{C1AF9204-EE2D-421B-B11E-1D70D8ACC11F}.Release Unicode|x64.Build.0 = Release|x64
		{C1AF9204-EE2D-421B-B11E-1D70D8ACC11F}.Release Unicode|x86.ActiveCfg = Release|Win32
		{C1AF9204-EE2D-421B-B11E-1D70D8ACC11F}.Release Unicode|x86.Build.0 = Release|Win32
		{C1AF9204-EE2D-421B-B11E-1D70D8ACC11F}.Release|x64.ActiveCfg = Release|x64
		{C1AF9204-EE2D-421B-B11E-1D70D8ACC11F}.Release|x64.Build.0 = Release|x64
		{C1AF9204-EE2D-421B-B11E-1D70D8ACC11F}.Release|x86.ActiveCfg = Release|Win32
		{C1AF9204-EE2D-421B-B11E-1D70D8ACC11F}.Release|x86.Build.0 = Release|Win32
		{876A9C23-1A2A-496F-92A2-0B49A845C0D8}.Debug Unicode|x64.ActiveCfg = Debug|x64
		{876A9C23-1A2A-496F-92A2-0B49A845C0D8}.Debug Unicode|x64.Build.0 = Debug|x64
		{876A9C23-1A2A-496F-92A2-0B49A845C0D8}.Debug Unicode|x86.ActiveCfg = Release|x64
		{876A9C23-1A2A-496F-92A2-0B49A845C0D8}.Debug Unicode|x86.Build.0 = Release|x64
		{876A9C23-1A2A-496F-92A2-0B49A845C0D8}.Debug|x64.ActiveCfg = Debug|x64
		{876A9C23-1A2A-496F-92A2-0B49A845C0D8}.Debug|x64.Build.0 = Debug|x64
		{876A9C23-1A2A-496F-92A2-0B49A845C0D8}.Debug|x86.ActiveCfg = Debug|x64
		{876A9C23-1A2A-496F-92A2-0B49A845C0D8}.Release Unicode|x64.ActiveCfg = Release|x64
		{876A9C23-1A2A-496F-92A2-0B49A845C0D8}.Release Unicode|x64.Build.0 = Release|x64
		{876A9C23-1A2A-496F-92A2-0B49A845C0D8}.Release Unicode|x86.ActiveCfg = Release|x64
		{876A9C23-1A2A-496F-92A2-0B49A845C0D8}.Release Unicode|x86.Build.0 = Release|x64
		{876A9C23-1A2A-496F-92A2-0B49A845C0D8}.Release|x64.ActiveCfg = Release|x64
		{876A9C23-1A2A-496F-92A2-0B49A845C0D8}.Release|x64.Build.0 = Release|x64
		{876A9C23-1A2A-496F-92A2-0B49A845C0D8}.Release|x86.ActiveCfg = Release|x64
		{4D608E7E-FD4F-4725-BEC0-3B25D5B79A9F}.Debug Unicode|x64.ActiveCfg = Debug|x64
		{4D608E7E-FD4F-4725-BEC0-3B25D5B79A9F}.Debug Unicode|x64.Build.0 = Debug|x64
		{4D608E7E-FD4F-4725-BEC0-3B25D5B79A9F}.Debug Unicode|x86.ActiveCfg = Release|x64
		{4D608E7E-FD4F-4725-BEC0-3B25D5B79A9F}.Debug Unicode|x86.Build.0 = Release|x64
		{4D608E7E-FD4F-4725-BEC0-3B25D5B79A9F}.Debug|x64.ActiveCfg = Debug|x64
		{4D608E7E-FD4F-4725-BEC0-3B25D5B79A9F}.Debug|x64.Build.0 = Debug|x64
		{4D608E7E-FD4F-4725-BEC0-3B25D5B79A9F}.Debug|x86.ActiveCfg = Debug|x64
		{4D608E7E-FD4F-4725-BEC0-3B25D5B79A9F}.Release Unicode|x64.ActiveCfg = Release|x64
		{4D608E7E-FD4F-4725-BEC0-3B25D5B79A9F}.Release Unicode|x64.Build.0 = Release|x64
		{4D608E7E-FD4F-4725-BEC0-3B25D5B79A9F}.Release Unicode|x86.ActiveCfg = Release|x64
		{4D608E7E-FD4F-4725-BEC0-3B25D5B79A9F}.Release Unicode|x86.Build.0 = Release|x64
		{4D608E7E-FD4F-4725-BEC0-3B25D5B79A9F}.Release|x64.ActiveCfg = Release|x64
		{4D608E7E-FD4F-4725-BEC0-3B25D5B79A9F}.Release|x64.Build.0 = Release|x64
		{4D608E7E-FD4F-4725-BEC0-3B25D5B79A9F}.Release|x86.ActiveCfg = Release|x64
		{330347F6-F933-4C02-AE08-91B9F7203234}.Debug Unicode|x64.ActiveCfg = Debug|x64
		{330347F6-F933-4C02-AE08-91B9F7203234}.Debug Unicode|x64.Build.0 = Debug|x64
		{330347F6-F933-4C02-AE08-91B9F7203234}.Debug Unicode|x86.ActiveCfg = Release|x64
		{330347F6-F933-4C02-AE08-91B9F7203234}.Debug Unicode|x86.Build.0 = Release|x64
		{330347F6-F933-4C02-AE08-91B9F7203234}.Debug|x64.ActiveCfg = Debug|x64
		{330347F6-F933-4C02-AE08-91B9F7203234}.Debug|x64.Build.0 = Debug|x64
		{330347F6-F933-4C02-AE08-91B9F7203234}.Debug|x86.ActiveCfg = Debug|x64
		{330347F6-F933-4C02-AE08-91B9F7203234}.Release Unicode|x64.ActiveCfg = Release|x64
		{330347F6-F933-4C02-AE08-91B9F7203234}.Release Unicode|x64.Build.0 = Release|x64
		{330347F6-F933-4C02-AE08-91B9F7203234}.Release Unicode|x86.ActiveCfg = Release|x64
		{330347F6-F933-4C02-AE08-91B9F7203234}.Release Unicode|x86.Build.0 = Release|x64
		{330347F6-F933-4C02-AE08-91B9F7203234}.Release|x64.ActiveCfg = Release|x64
		{330347F6-F933-4C02-AE08-91B9F7203234}.Release|x64.Build.0 = Release|x64
		{330347F6-F933-4C02-AE08-91B9F7203234}.Release|x86.ActiveCfg = Release|x64
		{547171CB-F934-40B9-B788-3C520FE66363}.Debug Unicode|x64.ActiveCfg = Debug|x64
		{547171CB-F934-40B9-B788-3C520FE66363}.Debug Unicode|x64.Build.0 = Debug|x64
		{547171CB-F934-40B9-B788-3C520FE66363}.Debug Unicode|x86.ActiveCfg = Debug|Win32
		{547171CB-F934-40B9-B788-3C520FE66363}.Debug Unicode|x86.Build.0 = Debug|Win32
		{547171CB-F934-40B9-B788-3C520FE66363}.Debug|x64.ActiveCfg = Debug|x64
		{547171CB-F934-40B9-B788-3C520FE66363}.Debug|x64.Build.0 = Debug|x64
		{547171CB-F934-40B9-B788-3C520FE66363}.Debug|x86.ActiveCfg = Debug|Win32
		{547171CB-F934-40B9-B788-3C520FE66363}.Debug|x86.Build.0 = Debug|Win32
		{547171CB-F934-40B9-B788-3C520FE66363}.Release Unicode|x64.ActiveCfg = Release|x64
		{547171CB-F934-40B9-B788-3C520FE66363}.Release Unicode|x64.Build.0 = Release|x64
		{547171CB-F934-40B9-B788-3C520FE66363}.Release Unicode|x86.ActiveCfg = Release|Win32
		{547171CB-F934-40B9-B788-3C520FE66363}.Release Unicode|x86.Build.0 = Release|Win32
		{547171CB-F934-40B9-B788-3C520FE66363}.Release|x64.ActiveCfg = Release|x64
		{547171CB-F934-40B9-B788-3C520FE66363}.Release|x64.Build.0 = Release|x64
		{547171CB-F934-40B9-B788-3C520FE66363}.Release|x86.ActiveCfg = Release|Win32
		{547171CB-F934-40B9-B788-3C520FE66363}.Release|x86.Build.0 = Release|Win32
		{27055442-2141-4A9B-ADD4-6298178CD606}.Debug Unicode|x64.ActiveCfg = Debug|x64
		{27055442-2141-4A9B-ADD4-6298178CD606}.Debug Unicode|x64.Build.0 = Debug|x64
		{27055442-2141-4A9B-ADD4-6298178CD606}.Debug Unicode|x86.ActiveCfg = Debug|Win32
		{27055442-2141-4A9B-ADD4-6298178CD606}.Debug Unicode|x86.Build.0 = Debug|Win32
		{27055442-2141-4A9B-ADD4-6298178CD606}.Debug|x64.ActiveCfg = Debug|x64
		{27055442-2141-4A9B-ADD4-6298178CD606}.Debug|x64.Build.0 = Debug|x64
		{27055442-2141-4A9B-ADD4-6298178CD606}.Debug|x86.ActiveCfg = Debug|Win32
		{27055442-2141-4A9B-ADD4-6298178CD606}.Debug|x86.Build.0 = Debug|Win32
		{27055442-2141-4A9B-ADD4-6298178CD606}.Release Unicode|x64.ActiveCfg = Release|x64
		{27055442-2141-4A9B-ADD4-6298178CD606}.Release Unicode|x64.Build.0 = Release|x64
		{27055442-2141-4A9B-ADD4-6298178CD606}.Release Unicode|x86.ActiveCfg = Release|Win32
		{27055442-2141-4A9B-ADD4-6298178CD606}.Release Unicode|x86.Build.0 = Release|Win32
		{27055442-2141-4A9B-ADD4-6298178CD606}.Release|x64.ActiveCfg = Release|x64
		{27055442-2141-4A9B-ADD4-6298178CD606}.Release|x64.Build.0 = Release|x64
		{27055442-2141-4A9B-ADD4-6298178CD606}.Release|x86.ActiveCfg = Release|Win32
		{27055442-2141-4A9B-ADD4-6298178CD606}.Release|x86.Build.0 = Release|Win32
		{9F44D62A-8A45-4FD3-8142-22A229A8A2F4}.Debug Unicode|x64.ActiveCfg = Debug|x64
		{9F44D62A-8A45-4FD3-8142-22A229A8A2F4}.Debug Unicode|x64.Build.0 = Debug|x64
		{9F44D62A-8A45-4FD3-8142-22A229A8A2F4}.Debug Unicode|x86.ActiveCfg = Release|x64
		{9F44D62A-8A45-4FD3-8142-22A229A8A2F4}.Debug Unicode|x86.Build.0 = Release|x64
		{9F44D62A-8A45-4FD3-8142-22A229A8A2F4}.Debug|x64.ActiveCfg = Debug|x64
		{9F44D62A-8A45-4FD3-8142-22A229A8A2F4}.Debug|x64.Build.0 = Debug|x64
		{9F44D62A-8A45-4FD3-8142-22A229A8A2F4}.Debug|x86.ActiveCfg = Debug|x64
		{9F44D62A-8A45-4FD3-8142-22A229A8A2F4}.Release Unicode|x64.ActiveCfg = Release|x64
		{9F44D62A-8A45-4FD3-8142-22A229A8A2F4}.Release Unicode|x64.Build.0 = Release|x64
		{9F44D62A-8A45-4FD3-8142-22A229A8A2F4}.Release Unicode|x86.ActiveCfg = Release|x64
		{9F44D62A-8A45-4FD3-8142-22A229A8A2F4}.Release Unicode|x86.Build.0 = Release|x64
		{9F44D62A-8A45-4FD3-8142-22A229A8A2F4}.Release|x64.ActiveCfg = Release|x64
		{9F44D62A-8A45-4FD3-8142-22A229A8A2F4}.Release|x64.Build.0 = Release|x64
		{9F44D62A-8A45-4FD3-8142-22A229A8A2F4}.Release|x86.ActiveCfg = Release|x64
		{5747ABEE-7310-4410-A567-0080A148BDF9}.Debug Unicode|x64.ActiveCfg = Debug|x64
		{5747ABEE-7310-4410-A567-0080A148BDF9}.Debug Unicode|x64.Build.0 = Debug|x64
		{5747ABEE-7310-4410-A567-0080A148BDF9}.Debug Unicode|x86.ActiveCfg = Debug|x64
		{5747ABEE-7310-4410-A567-0080A148BDF9}.Debug Unicode|x86.Build.0 = Debug|x64
		{5747ABEE-7310-4410-A567-0080A148BDF9}.Debug|x64.ActiveCfg = Debug|x64
		{5747ABEE-7310-4410-A567-0080A148BDF9}.Debug|x64.Build.0 = Debug|x64
		{5747ABEE-7310-4410-A567-0080A148BDF9}.Debug|x86.ActiveCfg = Debug|x64
		{5747ABEE-7310-4410-A567-0080A148BDF9}.Release Unicode|x64.ActiveCfg = Release|x64
		{5747ABEE-7310-4410-A567-0080A148BDF9}.Release Unicode|x64.Build.0 = Release|x64
		{5747ABEE-7310-4410-A567-0080A148BDF9}.Release Unicode|x86.ActiveCfg = Debug|x64
		{5747ABEE-7310-4410-A567-0080A148BDF9}.Release Unicode|x86.Build.0 = Debug|x64
		{5747ABEE-7310-4410-A567-0080A148BDF9}.Release|x64.ActiveCfg = Release|x64
		{5747ABEE-7310-4410-A567-0080A148BDF9}.Release|x64.Build.0 = Release|x64
		{5747ABEE-7310-4410-A567-0080A148BDF9}.Release|x86.ActiveCfg = Release|x64
		{417E7705-46BC-4933-BE9F-899DA3FC1D09}.Debug Unicode|x64.ActiveCfg = Debug|x64
		{417E7705-46BC-4933-BE9F-899DA3FC1D09}.Debug Unicode|x64.Build.0 = Debug|x64
		{417E7705-46BC-4933-BE9F-899DA3FC1D09}.Debug Unicode|x86.ActiveCfg = Debug|Win32
		{417E7705-46BC-4933-BE9F-899DA3FC1D09}.Debug Unicode|x86.Build.0 = Debug|Win32
		{417E7705-46BC-4933-BE9F-899DA3FC1D09}.Debug|x64.ActiveCfg = Debug|x64
		{417E7705-46BC-4933-BE9F-899DA3FC1D09}.Debug|x64.Build.0 = Debug|x64
		{417E7705-46BC-4933-BE9F-899DA3FC1D09}.Debug|x86.ActiveCfg = Debug|Win32
		{417E7705-46BC-4933-BE9F-899DA3FC1D09}.Debug|x86.Build.0 = Debug|Win32
		{417E7705-46BC-4933-BE9F-899DA3FC1D09}.Release Unicode|x64.ActiveCfg = Release|x64
		{417E7705-46BC-4933-BE9F-899DA3FC1D09}.Release Unicode|x64.Build.0 = Release|x64
		{417E7705-46BC-4933-BE9F-899DA3FC1D09}.Release Unicode|x86.ActiveCfg = Release|Win32
		{417E7705-46BC-4933-BE9F-899DA3FC1D09}.Release Unicode|x86.Build.0 = Release|Win32
		{417E7705-46BC-4933-BE9F-899DA3FC1D09}.Release|x64.ActiveCfg = Release|x64
		{417E7705-46BC-4933-BE9F-899DA3FC1D09}.Release|x64.Build.0 = Release|x64
		{417E7705-46BC-4933-BE9F-899DA3FC1D09}.Release|x86.ActiveCfg = Release|Win32
		{417E7705-46BC-4933-BE9F-899DA3FC1D09}.Release|x86.Build.0 = Release|Win32
		{6A02570E-C383-42F7-A063-DAA03A6EEB6C}.Debug Unicode|x64.ActiveCfg = Debug|x64
		{6A02570E-C383-42F7-A063-DAA03A6EEB6C}.Debug Unicode|x64.Build.0 = Debug|x64
		{6A02570E-C383-42F7-A063-DAA03A6EEB6C}.Debug Unicode|x86.ActiveCfg = Debug|Win32
		{6A02570E-C383-42F7-A063-DAA03A6EEB6C}.Debug Unicode|x86.Build.0 = Debug|Win32
		{6A02570E-C383-42F7-A063-DAA03A6EEB6C}.Debug|x64.ActiveCfg = Debug|x64
		{6A02570E-C383-42F7-A063-DAA03A6EEB6C}.Debug|x64.Build.0 = Debug|x64
		{6A02570E-C383-42F7-A063-DAA03A6EEB6C}.Debug|x86.ActiveCfg = Debug|Win32
		{6A02570E-C383-42F7-A063-DAA03A6EEB6C}.Debug|x86.Build.0 = Debug|Win32
		{6A02570E-C383-42F7-A063-DAA03A6EEB6C}.Release Unicode|x64.ActiveCfg = Release|x64
		{6A02570E-C383-42F7-A063-DAA03A6EEB6C}.Release Unicode|x64.Build.0 = Release|x64
		{6A02570E-C383-42F7-A063-DAA03A6EEB6C}.Release Unicode|x86.ActiveCfg = Release|Win32
		{6A02570E-C383-42F7-A063-DAA03A6EEB6C}.Release Unicode|x86.Build.0 = Release|Win32
		{6A02570E-C383-42F7-A063-DAA03A6EEB6C}.Release|x64.ActiveCfg = Release|x64
		{6A02570E-C383-42F7-A063-DAA03A6EEB6C}.Release|x64.Build.0 = Release|x64
		{6A02570E-C383-42F7-A063-DAA03A6EEB6C}.Release|x86.ActiveCfg = Release|Win32
		{6A02570E-C383-42F7-A063-DAA03A6EEB6C}.Release|x86.Build.0 = Release|Win32
		{8A31A5DF-ED73-4ED7-8866-729A2B7C97E8}.Debug Unicode|x64.ActiveCfg = Debug|x64
		{8A31A5DF-ED73-4ED7-8866-729A2B7C97E8}.Debug Unicode|x64.Build.0 = Debug|x64
		{8A31A5DF-ED73-4ED7-8866-729A2B7C97E8}.Debug Unicode|x86.ActiveCfg = Debug|Win32
		{8A31A5DF-ED73-4ED7-8866-729A2B7C97E8}.Debug Unicode|x86.Build.0 = Debug|Win32
		{8A31A5DF-ED73-4ED7-8866-729A2B7C97E8}.Debug|x64.ActiveCfg = Debug|x64
		{8A31A5DF-ED73-4ED7-8866-729A2B7C97E8}.Debug|x64.Build.0 = Debug|x64
		{8A31A5DF-ED73-4ED7-8866-729A2B7C97E8}.Debug|x86.ActiveCfg = Debug|Win32
		{8A31A5DF-ED73-4ED7-8866-729A2B7C97E8}.Debug|x86.Build.0 = Debug|Win32
		{8A31A5DF-ED73-4ED7-8866-729A2B7C97E8}.Release Unicode|x64.ActiveCfg = Release|x64
		{8A31A5DF-ED73-4ED7-8866-729A2B7C97E8}.Release Unicode|x64.Build.0 = Release|x64
		{8A31A5DF-ED73-4ED7-8866-729A2B7C97E8}.Release Unicode|x86.ActiveCfg = Release|Win32
		{8A31A5DF-ED73-4ED7-8866-729A2B7C97E8}.Release Unicode|x86.Build.0 = Release|Win32
		{8A31A5DF-ED73-4ED7-8866-729A2B7C97E8}.Release|x64.ActiveCfg = Release|x64
		{8A31A5DF-ED73-4ED7-8866-729A2B7C97E8}.Release|x64.Build.0 = Release|x64
		{8A31A5DF-ED73-4ED7-8866-729A2B7C97E8}.Release|x86.ActiveCfg = Release|Win32
		{8A31A5DF-ED73-4ED7-8866-729A2B7C97E8}.Release|x86.Build.0 = Release|Win32
		{B0761B7B-D86D-403F-A22E-72C589D24BF7}.Debug Unicode|x64.ActiveCfg = Debug|x64
		{B0761B7B-D86D-403F-A22E-72C589D24BF7}.Debug Unicode|x64.Build.0 = Debug|x64
		{B0761B7B-D86D-403F-A22E-72C589D24BF7}.Debug Unicode|x86.ActiveCfg = Debug|Win32
		{B0761B7B-D86D-403F-A22E-72C589D24BF7}.Debug Unicode|x86.Build.0 = Debug|Win32
		{B0761B7B-D86D-403F-A22E-72C589D24BF7}.Debug|x64.ActiveCfg = Debug|x64
		{B0761B7B-D86D-403F-A22E-72C589D24BF7}.Debug|x64.Build.0 = Debug|x64
		{B0761B7B-D86D-403F-A22E-72C589D24BF7}.Debug|x86.ActiveCfg = Debug|Win32
		{B0761B7B-D86D-403F-A22E-72C589D24BF7}.Debug|x86.Build.0 = Debug|Win32
		{B0761B7B-D86D-403F-A22E-72C589D24BF7}.Release Unicode|x64.ActiveCfg = Release|x64
		{B0761B7B-D86D-403F-A22E-72C589D24BF7}.Release Unicode|x64.Build.0 = Release|x64
		{B0761B7B-D86D-403F-A22E-72C589D24BF7}.Release Unicode|x86.ActiveCfg = Release|Win32
		{B0761B7B-D86D-403F-A22E-72C589D24BF7}.Release Unicode|x86.Build.0 = Release|Win32
		{B0761B7B-D86D-403F-A22E-72C589D24BF7}.Release|x64.ActiveCfg = Release|x64
		{B0761B7B-D86D-403F-A22E-72C589D24BF7}.Release|x64.Build.0 = Release|x64
		{B0761B7B-D86D-403F-A22E-72C589D24BF7}.Release|x86.ActiveCfg = Release|Win32
		{B0761B7B-D86D-403F-A22E-72C589D24BF7}.Release|x86.Build.0 = Release|Win32
	EndGlobalSection
	GlobalSection(SolutionProperties) = preSolution
		HideSolutionNode = FALSE
	EndGlobalSection
	GlobalSection(NestedProjects) = preSolution
		{C1AF9204-EE2D-421B-B11E-1D70D8ACC11F} = {D9E5D394-8740-4D80-9A22-813165F6FC05}
		{876A9C23-1A2A-496F-92A2-0B49A845C0D8} = {F6F21BCD-77A1-4DFC-8BED-CD689BB66866}
		{4D608E7E-FD4F-4725-BEC0-3B25D5B79A9F} = {F6F21BCD-77A1-4DFC-8BED-CD689BB66866}
		{330347F6-F933-4C02-AE08-91B9F7203234} = {F6F21BCD-77A1-4DFC-8BED-CD689BB66866}
		{547171CB-F934-40B9-B788-3C520FE66363} = {F6F21BCD-77A1-4DFC-8BED-CD689BB66866}
		{27055442-2141-4A9B-ADD4-6298178CD606} = {F6F21BCD-77A1-4DFC-8BED-CD689BB66866}
		{9F44D62A-8A45-4FD3-8142-22A229A8A2F4} = {F6F21BCD-77A1-4DFC-8BED-CD689BB66866}
		{5747ABEE-7310-4410-A567-0080A148BDF9} = {F6F21BCD-77A1-4DFC-8BED-CD689BB66866}
		{417E7705-46BC-4933-BE9F-899DA3FC1D09} = {F6F21BCD-77A1-4DFC-8BED-CD689BB66866}
		{6A02570E-C383-42F7-A063-DAA03A6EEB6C} = {F6F21BCD-77A1-4DFC-8BED-CD689BB66866}
		{8A31A5DF-ED73-4ED7-8866-729A2B7C97E8} = {F6F21BCD-77A1-4DFC-8BED-CD689BB66866}
		{B0761B7B-D86D-403F-A22E-72C589D24BF7} = {F6F21BCD-77A1-4DFC-8BED-CD689BB66866}
	EndGlobalSection
	GlobalSection(ExtensibilityGlobals) = postSolution
		SolutionGuid = {37148EF4-32F4-49AB-B9CA-77AAB26BF4A6}
	EndGlobalSection
EndGlobal
