
Microsoft Visual Studio Solution File, Format Version 12.00
# Visual Studio Version 16
VisualStudioVersion = 16.0.30114.128
MinimumVisualStudioVersion = 10.0.40219.1
Project("{8BC9CEB8-8B4A-11D0-8D11-00A0C91BC942}") = "CommonLibSSE", "CommonLibSSE.vcxproj", "{C1AF9204-EE2D-421B-B11E-1D70D8ACC11F}"
EndProject
Project("{2150E333-8FDC-42A3-9474-1A3956D46DE8}") = "Library", "Library", "{D9E5D394-8740-4D80-9A22-813165F6FC05}"
EndProject
Project("{2150E333-8FDC-42A3-9474-1A3956D46DE8}") = "Projects", "Projects", "{F6F21BCD-77A1-4DFC-8BED-CD689BB66866}"
EndProject
Project("{8BC9CEB8-8B4A-11D0-8D11-00A0C91BC942}") = "po3_FEC", "..\Projects\FEC\FEC.vcxproj", "{876A9C23-1A2A-496F-92A2-0B49A845C0D8}"
EndProject
Project("{8BC9CEB8-8B4A-11D0-8D11-00A0C91BC942}") = "Footprints", "..\Projects\Footprints\Footprints.vcxproj", "{4D608E7E-FD4F-4725-BEC0-3B25D5B79A9F}"
EndProject
Project("{8BC9CEB8-8B4A-11D0-8D11-00A0C91BC942}") = "po3_PapyrusExtender", "..\Projects\PapyrusExtenderSSE\PapyrusExtender.vcxproj", "{330347F6-F933-4C02-AE08-91B9F7203234}"
EndProject
Project("{8BC9CEB8-8B4A-11D0-8D11-00A0C91BC942}") = "po3_FastTravelWhenIndoors", "..\Projects\fastTravelIndoors\FastTravelIndoors.vcxproj", "{547171CB-F934-40B9-B788-3C520FE66363}"
EndProject
Project("{8BC9CEB8-8B4A-11D0-8D11-00A0C91BC942}") = "po3_DescriptiveSpellTomes", "..\Projects\DescriptiveSpellTomes\DescriptiveSpellTomes.vcxproj", "{27055442-2141-4A9B-ADD4-6298178CD606}"
EndProject
Project("{8BC9CEB8-8B4A-11D0-8D11-00A0C91BC942}") = "po3_WashThatBloodOff", "..\Projects\WashThatBloodOff\WashThatBloodOff.vcxproj", "{9F44D62A-8A45-4FD3-8142-22A229A8A2F4}"
EndProject
Project("{8BC9CEB8-8B4A-11D0-8D11-00A0C91BC942}") = "po3_SpellPerkItemDistributor", "..\Projects\Spell Distribution\SpellPerkItemDistributor.vcxproj", "{5747ABEE-7310-4410-A567-0080A148BDF9}"
EndProject
Project("{8BC9CEB8-8B4A-11D0-8D11-00A0C91BC942}") = "po3_SalesOverflowSolved", "..\Projects\SOS\SOS.vcxproj", "{417E7705-46BC-4933-BE9F-899DA3FC1D09}"
EndProject
Project("{8BC9CEB8-8B4A-11D0-8D11-00A0C91BC942}") = "po3_SimpleOffenceSuppression", "..\Projects\BloodOnFace\BloodOnFace.vcxproj", "{6A02570E-C383-42F7-A063-DAA03A6EEB6C}"
EndProject
Project("{8BC9CEB8-8B4A-11D0-8D11-00A0C91BC942}") = "po3_SensiblyOrbitingSatellites", "..\Projects\Satellite Orbits Solved\SensiblyOrbitingSatellites.vcxproj", "{B0761B7B-D86D-403F-A22E-72C589D24BF7}"
EndProject
Project("{8BC9CEB8-8B4A-11D0-8D11-00A0C91BC942}") = "po3_EnviromentalEffects", "..\Projects\EnviromentalEffects\EnviromentalEffects.vcxproj", "{D4D7564F-2A8A-463D-B92F-4CB1D30AA24D}"
EndProject
Project("{8BC9CEB8-8B4A-11D0-8D11-00A0C91BC942}") = "po3_FavoriteMiscItems", "..\Projects\FavoriteMiscItems\FavoriteMiscItems.vcxproj", "{DA0BB8CA-7D0B-46A7-9343-424819D4F245}"
EndProject
Project("{8BC9CEB8-8B4A-11D0-8D11-00A0C91BC942}") = "po3_EssentialFavorites", "..\Projects\HideFavoritesWhenBartering\HideFavoritesWhenBartering.vcxproj", "{8FDF65D9-551D-4BA8-9ED4-94A89CA74355}"
EndProject
Project("{8BC9CEB8-8B4A-11D0-8D11-00A0C91BC942}") = "po3_Afterlife", "..\Projects\Afterlife\Afterlife.vcxproj", "{A482A83C-6CEB-4445-B461-44FEB035F436}"
EndProject
Project("{8BC9CEB8-8B4A-11D0-8D11-00A0C91BC942}") = "po3_EnhancedReanimation", "..\Projects\EnhancedReanimation\EnhancedReanimation.vcxproj", "{A34729DC-BB8B-4343-9EE9-4AB78E7449E3}"
EndProject
Project("{8BC9CEB8-8B4A-11D0-8D11-00A0C91BC942}") = "po3_EquipmentToggle", "..\Projects\HelmetToggle\EquipmentToggle.vcxproj", "{709EB09E-11A6-44A0-92C5-8007257FB2D5}"
EndProject
Project("{8BC9CEB8-8B4A-11D0-8D11-00A0C91BC942}") = "po3_ScrollingSpeed", "..\Projects\ScrollingSpeed\ScrollingSpeed.vcxproj", "{5D826D00-CE56-4880-BEC0-7B7E19014925}"
EndProject
Global
	GlobalSection(SolutionConfigurationPlatforms) = preSolution
		Debug Unicode|x64 = Debug Unicode|x64
		Debug Unicode|x86 = Debug Unicode|x86
		Debug|x64 = Debug|x64
		Debug|x86 = Debug|x86
		Release Unicode|x64 = Release Unicode|x64
		Release Unicode|x86 = Release Unicode|x86
		Release|x64 = Release|x64
		Release|x86 = Release|x86
	EndGlobalSection
	GlobalSection(ProjectConfigurationPlatforms) = postSolution
		{C1AF9204-EE2D-421B-B11E-1D70D8ACC11F}.Debug Unicode|x64.ActiveCfg = Debug|x64
		{C1AF9204-EE2D-421B-B11E-1D70D8ACC11F}.Debug Unicode|x64.Build.0 = Debug|x64
		{C1AF9204-EE2D-421B-B11E-1D70D8ACC11F}.Debug Unicode|x86.ActiveCfg = Debug|Win32
		{C1AF9204-EE2D-421B-B11E-1D70D8ACC11F}.Debug Unicode|x86.Build.0 = Debug|Win32
		{C1AF9204-EE2D-421B-B11E-1D70D8ACC11F}.Debug|x64.ActiveCfg = Debug|x64
		{C1AF9204-EE2D-421B-B11E-1D70D8ACC11F}.Debug|x64.Build.0 = Debug|x64
		{C1AF9204-EE2D-421B-B11E-1D70D8ACC11F}.Debug|x86.ActiveCfg = Debug|Win32
		{C1AF9204-EE2D-421B-B11E-1D70D8ACC11F}.Debug|x86.Build.0 = Debug|Win32
		{C1AF9204-EE2D-421B-B11E-1D70D8ACC11F}.Release Unicode|x64.ActiveCfg = Release|x64
		{C1AF9204-EE2D-421B-B11E-1D70D8ACC11F}.Release Unicode|x64.Build.0 = Release|x64
		{C1AF9204-EE2D-421B-B11E-1D70D8ACC11F}.Release Unicode|x86.ActiveCfg = Release|Win32
		{C1AF9204-EE2D-421B-B11E-1D70D8ACC11F}.Release Unicode|x86.Build.0 = Release|Win32
		{C1AF9204-EE2D-421B-B11E-1D70D8ACC11F}.Release|x64.ActiveCfg = Release|x64
		{C1AF9204-EE2D-421B-B11E-1D70D8ACC11F}.Release|x64.Build.0 = Release|x64
		{C1AF9204-EE2D-421B-B11E-1D70D8ACC11F}.Release|x86.ActiveCfg = Release|Win32
		{C1AF9204-EE2D-421B-B11E-1D70D8ACC11F}.Release|x86.Build.0 = Release|Win32
		{876A9C23-1A2A-496F-92A2-0B49A845C0D8}.Debug Unicode|x64.ActiveCfg = Debug|x64
		{876A9C23-1A2A-496F-92A2-0B49A845C0D8}.Debug Unicode|x64.Build.0 = Debug|x64
		{876A9C23-1A2A-496F-92A2-0B49A845C0D8}.Debug Unicode|x86.ActiveCfg = Release|x64
		{876A9C23-1A2A-496F-92A2-0B49A845C0D8}.Debug Unicode|x86.Build.0 = Release|x64
		{876A9C23-1A2A-496F-92A2-0B49A845C0D8}.Debug|x64.ActiveCfg = Debug|x64
		{876A9C23-1A2A-496F-92A2-0B49A845C0D8}.Debug|x64.Build.0 = Debug|x64
		{876A9C23-1A2A-496F-92A2-0B49A845C0D8}.Debug|x86.ActiveCfg = Debug|x64
		{876A9C23-1A2A-496F-92A2-0B49A845C0D8}.Release Unicode|x64.ActiveCfg = Release|x64
		{876A9C23-1A2A-496F-92A2-0B49A845C0D8}.Release Unicode|x64.Build.0 = Release|x64
		{876A9C23-1A2A-496F-92A2-0B49A845C0D8}.Release Unicode|x86.ActiveCfg = Release|x64
		{876A9C23-1A2A-496F-92A2-0B49A845C0D8}.Release Unicode|x86.Build.0 = Release|x64
		{876A9C23-1A2A-496F-92A2-0B49A845C0D8}.Release|x64.ActiveCfg = Release|x64
		{876A9C23-1A2A-496F-92A2-0B49A845C0D8}.Release|x64.Build.0 = Release|x64
		{876A9C23-1A2A-496F-92A2-0B49A845C0D8}.Release|x86.ActiveCfg = Release|x64
		{4D608E7E-FD4F-4725-BEC0-3B25D5B79A9F}.Debug Unicode|x64.ActiveCfg = Debug|x64
		{4D608E7E-FD4F-4725-BEC0-3B25D5B79A9F}.Debug Unicode|x64.Build.0 = Debug|x64
		{4D608E7E-FD4F-4725-BEC0-3B25D5B79A9F}.Debug Unicode|x86.ActiveCfg = Release|x64
		{4D608E7E-FD4F-4725-BEC0-3B25D5B79A9F}.Debug Unicode|x86.Build.0 = Release|x64
		{4D608E7E-FD4F-4725-BEC0-3B25D5B79A9F}.Debug|x64.ActiveCfg = Debug|x64
		{4D608E7E-FD4F-4725-BEC0-3B25D5B79A9F}.Debug|x64.Build.0 = Debug|x64
		{4D608E7E-FD4F-4725-BEC0-3B25D5B79A9F}.Debug|x86.ActiveCfg = Debug|x64
		{4D608E7E-FD4F-4725-BEC0-3B25D5B79A9F}.Release Unicode|x64.ActiveCfg = Release|x64
		{4D608E7E-FD4F-4725-BEC0-3B25D5B79A9F}.Release Unicode|x64.Build.0 = Release|x64
		{4D608E7E-FD4F-4725-BEC0-3B25D5B79A9F}.Release Unicode|x86.ActiveCfg = Release|x64
		{4D608E7E-FD4F-4725-BEC0-3B25D5B79A9F}.Release Unicode|x86.Build.0 = Release|x64
		{4D608E7E-FD4F-4725-BEC0-3B25D5B79A9F}.Release|x64.ActiveCfg = Release|x64
		{4D608E7E-FD4F-4725-BEC0-3B25D5B79A9F}.Release|x64.Build.0 = Release|x64
		{4D608E7E-FD4F-4725-BEC0-3B25D5B79A9F}.Release|x86.ActiveCfg = Release|x64
		{330347F6-F933-4C02-AE08-91B9F7203234}.Debug Unicode|x64.ActiveCfg = Debug|x64
		{330347F6-F933-4C02-AE08-91B9F7203234}.Debug Unicode|x64.Build.0 = Debug|x64
		{330347F6-F933-4C02-AE08-91B9F7203234}.Debug Unicode|x86.ActiveCfg = Release|x64
		{330347F6-F933-4C02-AE08-91B9F7203234}.Debug Unicode|x86.Build.0 = Release|x64
		{330347F6-F933-4C02-AE08-91B9F7203234}.Debug|x64.ActiveCfg = Debug|x64
		{330347F6-F933-4C02-AE08-91B9F7203234}.Debug|x64.Build.0 = Debug|x64
		{330347F6-F933-4C02-AE08-91B9F7203234}.Debug|x86.ActiveCfg = Debug|x64
		{330347F6-F933-4C02-AE08-91B9F7203234}.Release Unicode|x64.ActiveCfg = Release|x64
		{330347F6-F933-4C02-AE08-91B9F7203234}.Release Unicode|x64.Build.0 = Release|x64
		{330347F6-F933-4C02-AE08-91B9F7203234}.Release Unicode|x86.ActiveCfg = Release|x64
		{330347F6-F933-4C02-AE08-91B9F7203234}.Release Unicode|x86.Build.0 = Release|x64
		{330347F6-F933-4C02-AE08-91B9F7203234}.Release|x64.ActiveCfg = Release|x64
		{330347F6-F933-4C02-AE08-91B9F7203234}.Release|x64.Build.0 = Release|x64
		{330347F6-F933-4C02-AE08-91B9F7203234}.Release|x86.ActiveCfg = Release|x64
		{547171CB-F934-40B9-B788-3C520FE66363}.Debug Unicode|x64.ActiveCfg = Debug|x64
		{547171CB-F934-40B9-B788-3C520FE66363}.Debug Unicode|x64.Build.0 = Debug|x64
		{547171CB-F934-40B9-B788-3C520FE66363}.Debug Unicode|x86.ActiveCfg = Debug|Win32
		{547171CB-F934-40B9-B788-3C520FE66363}.Debug Unicode|x86.Build.0 = Debug|Win32
		{547171CB-F934-40B9-B788-3C520FE66363}.Debug|x64.ActiveCfg = Debug|x64
		{547171CB-F934-40B9-B788-3C520FE66363}.Debug|x64.Build.0 = Debug|x64
		{547171CB-F934-40B9-B788-3C520FE66363}.Debug|x86.ActiveCfg = Debug|Win32
		{547171CB-F934-40B9-B788-3C520FE66363}.Debug|x86.Build.0 = Debug|Win32
		{547171CB-F934-40B9-B788-3C520FE66363}.Release Unicode|x64.ActiveCfg = Release|x64
		{547171CB-F934-40B9-B788-3C520FE66363}.Release Unicode|x64.Build.0 = Release|x64
		{547171CB-F934-40B9-B788-3C520FE66363}.Release Unicode|x86.ActiveCfg = Release|Win32
		{547171CB-F934-40B9-B788-3C520FE66363}.Release Unicode|x86.Build.0 = Release|Win32
		{547171CB-F934-40B9-B788-3C520FE66363}.Release|x64.ActiveCfg = Release|x64
		{547171CB-F934-40B9-B788-3C520FE66363}.Release|x64.Build.0 = Release|x64
		{547171CB-F934-40B9-B788-3C520FE66363}.Release|x86.ActiveCfg = Release|Win32
		{547171CB-F934-40B9-B788-3C520FE66363}.Release|x86.Build.0 = Release|Win32
		{27055442-2141-4A9B-ADD4-6298178CD606}.Debug Unicode|x64.ActiveCfg = Debug|x64
		{27055442-2141-4A9B-ADD4-6298178CD606}.Debug Unicode|x64.Build.0 = Debug|x64
		{27055442-2141-4A9B-ADD4-6298178CD606}.Debug Unicode|x86.ActiveCfg = Debug|Win32
		{27055442-2141-4A9B-ADD4-6298178CD606}.Debug Unicode|x86.Build.0 = Debug|Win32
		{27055442-2141-4A9B-ADD4-6298178CD606}.Debug|x64.ActiveCfg = Debug|x64
		{27055442-2141-4A9B-ADD4-6298178CD606}.Debug|x64.Build.0 = Debug|x64
		{27055442-2141-4A9B-ADD4-6298178CD606}.Debug|x86.ActiveCfg = Debug|Win32
		{27055442-2141-4A9B-ADD4-6298178CD606}.Debug|x86.Build.0 = Debug|Win32
		{27055442-2141-4A9B-ADD4-6298178CD606}.Release Unicode|x64.ActiveCfg = Release|x64
		{27055442-2141-4A9B-ADD4-6298178CD606}.Release Unicode|x64.Build.0 = Release|x64
		{27055442-2141-4A9B-ADD4-6298178CD606}.Release Unicode|x86.ActiveCfg = Release|Win32
		{27055442-2141-4A9B-ADD4-6298178CD606}.Release Unicode|x86.Build.0 = Release|Win32
		{27055442-2141-4A9B-ADD4-6298178CD606}.Release|x64.ActiveCfg = Release|x64
		{27055442-2141-4A9B-ADD4-6298178CD606}.Release|x64.Build.0 = Release|x64
		{27055442-2141-4A9B-ADD4-6298178CD606}.Release|x86.ActiveCfg = Release|Win32
		{27055442-2141-4A9B-ADD4-6298178CD606}.Release|x86.Build.0 = Release|Win32
		{9F44D62A-8A45-4FD3-8142-22A229A8A2F4}.Debug Unicode|x64.ActiveCfg = Debug|x64
		{9F44D62A-8A45-4FD3-8142-22A229A8A2F4}.Debug Unicode|x64.Build.0 = Debug|x64
		{9F44D62A-8A45-4FD3-8142-22A229A8A2F4}.Debug Unicode|x86.ActiveCfg = Release|x64
		{9F44D62A-8A45-4FD3-8142-22A229A8A2F4}.Debug Unicode|x86.Build.0 = Release|x64
		{9F44D62A-8A45-4FD3-8142-22A229A8A2F4}.Debug|x64.ActiveCfg = Debug|x64
		{9F44D62A-8A45-4FD3-8142-22A229A8A2F4}.Debug|x64.Build.0 = Debug|x64
		{9F44D62A-8A45-4FD3-8142-22A229A8A2F4}.Debug|x86.ActiveCfg = Debug|x64
		{9F44D62A-8A45-4FD3-8142-22A229A8A2F4}.Release Unicode|x64.ActiveCfg = Release|x64
		{9F44D62A-8A45-4FD3-8142-22A229A8A2F4}.Release Unicode|x64.Build.0 = Release|x64
		{9F44D62A-8A45-4FD3-8142-22A229A8A2F4}.Release Unicode|x86.ActiveCfg = Release|x64
		{9F44D62A-8A45-4FD3-8142-22A229A8A2F4}.Release Unicode|x86.Build.0 = Release|x64
		{9F44D62A-8A45-4FD3-8142-22A229A8A2F4}.Release|x64.ActiveCfg = Release|x64
		{9F44D62A-8A45-4FD3-8142-22A229A8A2F4}.Release|x64.Build.0 = Release|x64
		{9F44D62A-8A45-4FD3-8142-22A229A8A2F4}.Release|x86.ActiveCfg = Release|x64
		{5747ABEE-7310-4410-A567-0080A148BDF9}.Debug Unicode|x64.ActiveCfg = Debug|x64
		{5747ABEE-7310-4410-A567-0080A148BDF9}.Debug Unicode|x64.Build.0 = Debug|x64
		{5747ABEE-7310-4410-A567-0080A148BDF9}.Debug Unicode|x86.ActiveCfg = Debug|x64
		{5747ABEE-7310-4410-A567-0080A148BDF9}.Debug Unicode|x86.Build.0 = Debug|x64
		{5747ABEE-7310-4410-A567-0080A148BDF9}.Debug|x64.ActiveCfg = Debug|x64
		{5747ABEE-7310-4410-A567-0080A148BDF9}.Debug|x64.Build.0 = Debug|x64
		{5747ABEE-7310-4410-A567-0080A148BDF9}.Debug|x86.ActiveCfg = Debug|x64
		{5747ABEE-7310-4410-A567-0080A148BDF9}.Release Unicode|x64.ActiveCfg = Release|x64
		{5747ABEE-7310-4410-A567-0080A148BDF9}.Release Unicode|x64.Build.0 = Release|x64
		{5747ABEE-7310-4410-A567-0080A148BDF9}.Release Unicode|x86.ActiveCfg = Debug|x64
		{5747ABEE-7310-4410-A567-0080A148BDF9}.Release Unicode|x86.Build.0 = Debug|x64
		{5747ABEE-7310-4410-A567-0080A148BDF9}.Release|x64.ActiveCfg = Release|x64
		{5747ABEE-7310-4410-A567-0080A148BDF9}.Release|x64.Build.0 = Release|x64
		{5747ABEE-7310-4410-A567-0080A148BDF9}.Release|x86.ActiveCfg = Release|x64
		{417E7705-46BC-4933-BE9F-899DA3FC1D09}.Debug Unicode|x64.ActiveCfg = Debug|x64
		{417E7705-46BC-4933-BE9F-899DA3FC1D09}.Debug Unicode|x64.Build.0 = Debug|x64
		{417E7705-46BC-4933-BE9F-899DA3FC1D09}.Debug Unicode|x86.ActiveCfg = Debug|Win32
		{417E7705-46BC-4933-BE9F-899DA3FC1D09}.Debug Unicode|x86.Build.0 = Debug|Win32
		{417E7705-46BC-4933-BE9F-899DA3FC1D09}.Debug|x64.ActiveCfg = Debug|x64
		{417E7705-46BC-4933-BE9F-899DA3FC1D09}.Debug|x64.Build.0 = Debug|x64
		{417E7705-46BC-4933-BE9F-899DA3FC1D09}.Debug|x86.ActiveCfg = Debug|Win32
		{417E7705-46BC-4933-BE9F-899DA3FC1D09}.Debug|x86.Build.0 = Debug|Win32
		{417E7705-46BC-4933-BE9F-899DA3FC1D09}.Release Unicode|x64.ActiveCfg = Release|x64
		{417E7705-46BC-4933-BE9F-899DA3FC1D09}.Release Unicode|x64.Build.0 = Release|x64
		{417E7705-46BC-4933-BE9F-899DA3FC1D09}.Release Unicode|x86.ActiveCfg = Release|Win32
		{417E7705-46BC-4933-BE9F-899DA3FC1D09}.Release Unicode|x86.Build.0 = Release|Win32
		{417E7705-46BC-4933-BE9F-899DA3FC1D09}.Release|x64.ActiveCfg = Release|x64
		{417E7705-46BC-4933-BE9F-899DA3FC1D09}.Release|x64.Build.0 = Release|x64
		{417E7705-46BC-4933-BE9F-899DA3FC1D09}.Release|x86.ActiveCfg = Release|Win32
		{417E7705-46BC-4933-BE9F-899DA3FC1D09}.Release|x86.Build.0 = Release|Win32
		{6A02570E-C383-42F7-A063-DAA03A6EEB6C}.Debug Unicode|x64.ActiveCfg = Debug|x64
		{6A02570E-C383-42F7-A063-DAA03A6EEB6C}.Debug Unicode|x64.Build.0 = Debug|x64
		{6A02570E-C383-42F7-A063-DAA03A6EEB6C}.Debug Unicode|x86.ActiveCfg = Debug|Win32
		{6A02570E-C383-42F7-A063-DAA03A6EEB6C}.Debug Unicode|x86.Build.0 = Debug|Win32
		{6A02570E-C383-42F7-A063-DAA03A6EEB6C}.Debug|x64.ActiveCfg = Debug|x64
		{6A02570E-C383-42F7-A063-DAA03A6EEB6C}.Debug|x64.Build.0 = Debug|x64
		{6A02570E-C383-42F7-A063-DAA03A6EEB6C}.Debug|x86.ActiveCfg = Debug|Win32
		{6A02570E-C383-42F7-A063-DAA03A6EEB6C}.Debug|x86.Build.0 = Debug|Win32
		{6A02570E-C383-42F7-A063-DAA03A6EEB6C}.Release Unicode|x64.ActiveCfg = Release|x64
		{6A02570E-C383-42F7-A063-DAA03A6EEB6C}.Release Unicode|x64.Build.0 = Release|x64
		{6A02570E-C383-42F7-A063-DAA03A6EEB6C}.Release Unicode|x86.ActiveCfg = Release|Win32
		{6A02570E-C383-42F7-A063-DAA03A6EEB6C}.Release Unicode|x86.Build.0 = Release|Win32
		{6A02570E-C383-42F7-A063-DAA03A6EEB6C}.Release|x64.ActiveCfg = Release|x64
		{6A02570E-C383-42F7-A063-DAA03A6EEB6C}.Release|x64.Build.0 = Release|x64
		{6A02570E-C383-42F7-A063-DAA03A6EEB6C}.Release|x86.ActiveCfg = Release|Win32
		{6A02570E-C383-42F7-A063-DAA03A6EEB6C}.Release|x86.Build.0 = Release|Win32
		{B0761B7B-D86D-403F-A22E-72C589D24BF7}.Debug Unicode|x64.ActiveCfg = Debug|x64
		{B0761B7B-D86D-403F-A22E-72C589D24BF7}.Debug Unicode|x64.Build.0 = Debug|x64
		{B0761B7B-D86D-403F-A22E-72C589D24BF7}.Debug Unicode|x86.ActiveCfg = Debug|Win32
		{B0761B7B-D86D-403F-A22E-72C589D24BF7}.Debug Unicode|x86.Build.0 = Debug|Win32
		{B0761B7B-D86D-403F-A22E-72C589D24BF7}.Debug|x64.ActiveCfg = Debug|x64
		{B0761B7B-D86D-403F-A22E-72C589D24BF7}.Debug|x64.Build.0 = Debug|x64
		{B0761B7B-D86D-403F-A22E-72C589D24BF7}.Debug|x86.ActiveCfg = Debug|Win32
		{B0761B7B-D86D-403F-A22E-72C589D24BF7}.Debug|x86.Build.0 = Debug|Win32
		{B0761B7B-D86D-403F-A22E-72C589D24BF7}.Release Unicode|x64.ActiveCfg = Release|x64
		{B0761B7B-D86D-403F-A22E-72C589D24BF7}.Release Unicode|x64.Build.0 = Release|x64
		{B0761B7B-D86D-403F-A22E-72C589D24BF7}.Release Unicode|x86.ActiveCfg = Release|Win32
		{B0761B7B-D86D-403F-A22E-72C589D24BF7}.Release Unicode|x86.Build.0 = Release|Win32
		{B0761B7B-D86D-403F-A22E-72C589D24BF7}.Release|x64.ActiveCfg = Release|x64
		{B0761B7B-D86D-403F-A22E-72C589D24BF7}.Release|x64.Build.0 = Release|x64
		{B0761B7B-D86D-403F-A22E-72C589D24BF7}.Release|x86.ActiveCfg = Release|Win32
		{B0761B7B-D86D-403F-A22E-72C589D24BF7}.Release|x86.Build.0 = Release|Win32
		{D4D7564F-2A8A-463D-B92F-4CB1D30AA24D}.Debug Unicode|x64.ActiveCfg = Debug|x64
		{D4D7564F-2A8A-463D-B92F-4CB1D30AA24D}.Debug Unicode|x64.Build.0 = Debug|x64
		{D4D7564F-2A8A-463D-B92F-4CB1D30AA24D}.Debug Unicode|x86.ActiveCfg = Debug|Win32
		{D4D7564F-2A8A-463D-B92F-4CB1D30AA24D}.Debug Unicode|x86.Build.0 = Debug|Win32
		{D4D7564F-2A8A-463D-B92F-4CB1D30AA24D}.Debug|x64.ActiveCfg = Debug|x64
		{D4D7564F-2A8A-463D-B92F-4CB1D30AA24D}.Debug|x64.Build.0 = Debug|x64
		{D4D7564F-2A8A-463D-B92F-4CB1D30AA24D}.Debug|x86.ActiveCfg = Debug|Win32
		{D4D7564F-2A8A-463D-B92F-4CB1D30AA24D}.Debug|x86.Build.0 = Debug|Win32
		{D4D7564F-2A8A-463D-B92F-4CB1D30AA24D}.Release Unicode|x64.ActiveCfg = Release|x64
		{D4D7564F-2A8A-463D-B92F-4CB1D30AA24D}.Release Unicode|x64.Build.0 = Release|x64
		{D4D7564F-2A8A-463D-B92F-4CB1D30AA24D}.Release Unicode|x86.ActiveCfg = Release|Win32
		{D4D7564F-2A8A-463D-B92F-4CB1D30AA24D}.Release Unicode|x86.Build.0 = Release|Win32
		{D4D7564F-2A8A-463D-B92F-4CB1D30AA24D}.Release|x64.ActiveCfg = Release|x64
		{D4D7564F-2A8A-463D-B92F-4CB1D30AA24D}.Release|x64.Build.0 = Release|x64
		{D4D7564F-2A8A-463D-B92F-4CB1D30AA24D}.Release|x86.ActiveCfg = Release|Win32
		{D4D7564F-2A8A-463D-B92F-4CB1D30AA24D}.Release|x86.Build.0 = Release|Win32
		{DA0BB8CA-7D0B-46A7-9343-424819D4F245}.Debug Unicode|x64.ActiveCfg = Debug|x64
		{DA0BB8CA-7D0B-46A7-9343-424819D4F245}.Debug Unicode|x64.Build.0 = Debug|x64
		{DA0BB8CA-7D0B-46A7-9343-424819D4F245}.Debug Unicode|x86.ActiveCfg = Debug|Win32
		{DA0BB8CA-7D0B-46A7-9343-424819D4F245}.Debug Unicode|x86.Build.0 = Debug|Win32
		{DA0BB8CA-7D0B-46A7-9343-424819D4F245}.Debug|x64.ActiveCfg = Debug|x64
		{DA0BB8CA-7D0B-46A7-9343-424819D4F245}.Debug|x64.Build.0 = Debug|x64
		{DA0BB8CA-7D0B-46A7-9343-424819D4F245}.Debug|x86.ActiveCfg = Debug|Win32
		{DA0BB8CA-7D0B-46A7-9343-424819D4F245}.Debug|x86.Build.0 = Debug|Win32
		{DA0BB8CA-7D0B-46A7-9343-424819D4F245}.Release Unicode|x64.ActiveCfg = Release|x64
		{DA0BB8CA-7D0B-46A7-9343-424819D4F245}.Release Unicode|x64.Build.0 = Release|x64
		{DA0BB8CA-7D0B-46A7-9343-424819D4F245}.Release Unicode|x86.ActiveCfg = Release|Win32
		{DA0BB8CA-7D0B-46A7-9343-424819D4F245}.Release Unicode|x86.Build.0 = Release|Win32
		{DA0BB8CA-7D0B-46A7-9343-424819D4F245}.Release|x64.ActiveCfg = Release|x64
		{DA0BB8CA-7D0B-46A7-9343-424819D4F245}.Release|x64.Build.0 = Release|x64
		{DA0BB8CA-7D0B-46A7-9343-424819D4F245}.Release|x86.ActiveCfg = Release|Win32
		{DA0BB8CA-7D0B-46A7-9343-424819D4F245}.Release|x86.Build.0 = Release|Win32
		{8FDF65D9-551D-4BA8-9ED4-94A89CA74355}.Debug Unicode|x64.ActiveCfg = Debug|x64
		{8FDF65D9-551D-4BA8-9ED4-94A89CA74355}.Debug Unicode|x64.Build.0 = Debug|x64
		{8FDF65D9-551D-4BA8-9ED4-94A89CA74355}.Debug Unicode|x86.ActiveCfg = Debug|Win32
		{8FDF65D9-551D-4BA8-9ED4-94A89CA74355}.Debug Unicode|x86.Build.0 = Debug|Win32
		{8FDF65D9-551D-4BA8-9ED4-94A89CA74355}.Debug|x64.ActiveCfg = Debug|x64
		{8FDF65D9-551D-4BA8-9ED4-94A89CA74355}.Debug|x64.Build.0 = Debug|x64
		{8FDF65D9-551D-4BA8-9ED4-94A89CA74355}.Debug|x86.ActiveCfg = Debug|Win32
		{8FDF65D9-551D-4BA8-9ED4-94A89CA74355}.Debug|x86.Build.0 = Debug|Win32
		{8FDF65D9-551D-4BA8-9ED4-94A89CA74355}.Release Unicode|x64.ActiveCfg = Release|x64
		{8FDF65D9-551D-4BA8-9ED4-94A89CA74355}.Release Unicode|x64.Build.0 = Release|x64
		{8FDF65D9-551D-4BA8-9ED4-94A89CA74355}.Release Unicode|x86.ActiveCfg = Release|Win32
		{8FDF65D9-551D-4BA8-9ED4-94A89CA74355}.Release Unicode|x86.Build.0 = Release|Win32
		{8FDF65D9-551D-4BA8-9ED4-94A89CA74355}.Release|x64.ActiveCfg = Release|x64
		{8FDF65D9-551D-4BA8-9ED4-94A89CA74355}.Release|x64.Build.0 = Release|x64
		{8FDF65D9-551D-4BA8-9ED4-94A89CA74355}.Release|x86.ActiveCfg = Release|Win32
		{8FDF65D9-551D-4BA8-9ED4-94A89CA74355}.Release|x86.Build.0 = Release|Win32
		{A482A83C-6CEB-4445-B461-44FEB035F436}.Debug Unicode|x64.ActiveCfg = Debug|x64
		{A482A83C-6CEB-4445-B461-44FEB035F436}.Debug Unicode|x64.Build.0 = Debug|x64
		{A482A83C-6CEB-4445-B461-44FEB035F436}.Debug Unicode|x86.ActiveCfg = Debug|Win32
		{A482A83C-6CEB-4445-B461-44FEB035F436}.Debug Unicode|x86.Build.0 = Debug|Win32
		{A482A83C-6CEB-4445-B461-44FEB035F436}.Debug|x64.ActiveCfg = Debug|x64
		{A482A83C-6CEB-4445-B461-44FEB035F436}.Debug|x64.Build.0 = Debug|x64
		{A482A83C-6CEB-4445-B461-44FEB035F436}.Debug|x86.ActiveCfg = Debug|Win32
		{A482A83C-6CEB-4445-B461-44FEB035F436}.Debug|x86.Build.0 = Debug|Win32
		{A482A83C-6CEB-4445-B461-44FEB035F436}.Release Unicode|x64.ActiveCfg = Release|x64
		{A482A83C-6CEB-4445-B461-44FEB035F436}.Release Unicode|x64.Build.0 = Release|x64
		{A482A83C-6CEB-4445-B461-44FEB035F436}.Release Unicode|x86.ActiveCfg = Release|Win32
		{A482A83C-6CEB-4445-B461-44FEB035F436}.Release Unicode|x86.Build.0 = Release|Win32
		{A482A83C-6CEB-4445-B461-44FEB035F436}.Release|x64.ActiveCfg = Release|x64
		{A482A83C-6CEB-4445-B461-44FEB035F436}.Release|x64.Build.0 = Release|x64
		{A482A83C-6CEB-4445-B461-44FEB035F436}.Release|x86.ActiveCfg = Release|Win32
		{A482A83C-6CEB-4445-B461-44FEB035F436}.Release|x86.Build.0 = Release|Win32
		{A34729DC-BB8B-4343-9EE9-4AB78E7449E3}.Debug Unicode|x64.ActiveCfg = Debug|x64
		{A34729DC-BB8B-4343-9EE9-4AB78E7449E3}.Debug Unicode|x64.Build.0 = Debug|x64
		{A34729DC-BB8B-4343-9EE9-4AB78E7449E3}.Debug Unicode|x86.ActiveCfg = Debug|Win32
		{A34729DC-BB8B-4343-9EE9-4AB78E7449E3}.Debug Unicode|x86.Build.0 = Debug|Win32
		{A34729DC-BB8B-4343-9EE9-4AB78E7449E3}.Debug|x64.ActiveCfg = Debug|x64
		{A34729DC-BB8B-4343-9EE9-4AB78E7449E3}.Debug|x64.Build.0 = Debug|x64
		{A34729DC-BB8B-4343-9EE9-4AB78E7449E3}.Debug|x86.ActiveCfg = Debug|Win32
		{A34729DC-BB8B-4343-9EE9-4AB78E7449E3}.Debug|x86.Build.0 = Debug|Win32
		{A34729DC-BB8B-4343-9EE9-4AB78E7449E3}.Release Unicode|x64.ActiveCfg = Release|x64
		{A34729DC-BB8B-4343-9EE9-4AB78E7449E3}.Release Unicode|x64.Build.0 = Release|x64
		{A34729DC-BB8B-4343-9EE9-4AB78E7449E3}.Release Unicode|x86.ActiveCfg = Release|Win32
		{A34729DC-BB8B-4343-9EE9-4AB78E7449E3}.Release Unicode|x86.Build.0 = Release|Win32
		{A34729DC-BB8B-4343-9EE9-4AB78E7449E3}.Release|x64.ActiveCfg = Release|x64
		{A34729DC-BB8B-4343-9EE9-4AB78E7449E3}.Release|x64.Build.0 = Release|x64
		{A34729DC-BB8B-4343-9EE9-4AB78E7449E3}.Release|x86.ActiveCfg = Release|Win32
		{A34729DC-BB8B-4343-9EE9-4AB78E7449E3}.Release|x86.Build.0 = Release|Win32
		{709EB09E-11A6-44A0-92C5-8007257FB2D5}.Debug Unicode|x64.ActiveCfg = Debug|x64
		{709EB09E-11A6-44A0-92C5-8007257FB2D5}.Debug Unicode|x64.Build.0 = Debug|x64
		{709EB09E-11A6-44A0-92C5-8007257FB2D5}.Debug Unicode|x86.ActiveCfg = Debug|Win32
		{709EB09E-11A6-44A0-92C5-8007257FB2D5}.Debug Unicode|x86.Build.0 = Debug|Win32
		{709EB09E-11A6-44A0-92C5-8007257FB2D5}.Debug|x64.ActiveCfg = Debug|x64
		{709EB09E-11A6-44A0-92C5-8007257FB2D5}.Debug|x64.Build.0 = Debug|x64
		{709EB09E-11A6-44A0-92C5-8007257FB2D5}.Debug|x86.ActiveCfg = Debug|Win32
		{709EB09E-11A6-44A0-92C5-8007257FB2D5}.Debug|x86.Build.0 = Debug|Win32
		{709EB09E-11A6-44A0-92C5-8007257FB2D5}.Release Unicode|x64.ActiveCfg = Release|x64
		{709EB09E-11A6-44A0-92C5-8007257FB2D5}.Release Unicode|x64.Build.0 = Release|x64
		{709EB09E-11A6-44A0-92C5-8007257FB2D5}.Release Unicode|x86.ActiveCfg = Release|Win32
		{709EB09E-11A6-44A0-92C5-8007257FB2D5}.Release Unicode|x86.Build.0 = Release|Win32
		{709EB09E-11A6-44A0-92C5-8007257FB2D5}.Release|x64.ActiveCfg = Release|x64
		{709EB09E-11A6-44A0-92C5-8007257FB2D5}.Release|x64.Build.0 = Release|x64
		{709EB09E-11A6-44A0-92C5-8007257FB2D5}.Release|x86.ActiveCfg = Release|Win32
		{709EB09E-11A6-44A0-92C5-8007257FB2D5}.Release|x86.Build.0 = Release|Win32
		{5D826D00-CE56-4880-BEC0-7B7E19014925}.Debug Unicode|x64.ActiveCfg = Debug|x64
		{5D826D00-CE56-4880-BEC0-7B7E19014925}.Debug Unicode|x64.Build.0 = Debug|x64
		{5D826D00-CE56-4880-BEC0-7B7E19014925}.Debug Unicode|x86.ActiveCfg = Debug|Win32
		{5D826D00-CE56-4880-BEC0-7B7E19014925}.Debug Unicode|x86.Build.0 = Debug|Win32
		{5D826D00-CE56-4880-BEC0-7B7E19014925}.Debug|x64.ActiveCfg = Debug|x64
		{5D826D00-CE56-4880-BEC0-7B7E19014925}.Debug|x64.Build.0 = Debug|x64
		{5D826D00-CE56-4880-BEC0-7B7E19014925}.Debug|x86.ActiveCfg = Debug|Win32
		{5D826D00-CE56-4880-BEC0-7B7E19014925}.Debug|x86.Build.0 = Debug|Win32
		{5D826D00-CE56-4880-BEC0-7B7E19014925}.Release Unicode|x64.ActiveCfg = Release|x64
		{5D826D00-CE56-4880-BEC0-7B7E19014925}.Release Unicode|x64.Build.0 = Release|x64
		{5D826D00-CE56-4880-BEC0-7B7E19014925}.Release Unicode|x86.ActiveCfg = Release|Win32
		{5D826D00-CE56-4880-BEC0-7B7E19014925}.Release Unicode|x86.Build.0 = Release|Win32
		{5D826D00-CE56-4880-BEC0-7B7E19014925}.Release|x64.ActiveCfg = Release|x64
		{5D826D00-CE56-4880-BEC0-7B7E19014925}.Release|x64.Build.0 = Release|x64
		{5D826D00-CE56-4880-BEC0-7B7E19014925}.Release|x86.ActiveCfg = Release|Win32
		{5D826D00-CE56-4880-BEC0-7B7E19014925}.Release|x86.Build.0 = Release|Win32
	EndGlobalSection
	GlobalSection(SolutionProperties) = preSolution
		HideSolutionNode = FALSE
	EndGlobalSection
	GlobalSection(NestedProjects) = preSolution
		{C1AF9204-EE2D-421B-B11E-1D70D8ACC11F} = {D9E5D394-8740-4D80-9A22-813165F6FC05}
		{876A9C23-1A2A-496F-92A2-0B49A845C0D8} = {F6F21BCD-77A1-4DFC-8BED-CD689BB66866}
		{4D608E7E-FD4F-4725-BEC0-3B25D5B79A9F} = {F6F21BCD-77A1-4DFC-8BED-CD689BB66866}
		{330347F6-F933-4C02-AE08-91B9F7203234} = {F6F21BCD-77A1-4DFC-8BED-CD689BB66866}
		{547171CB-F934-40B9-B788-3C520FE66363} = {F6F21BCD-77A1-4DFC-8BED-CD689BB66866}
		{27055442-2141-4A9B-ADD4-6298178CD606} = {F6F21BCD-77A1-4DFC-8BED-CD689BB66866}
		{9F44D62A-8A45-4FD3-8142-22A229A8A2F4} = {F6F21BCD-77A1-4DFC-8BED-CD689BB66866}
		{5747ABEE-7310-4410-A567-0080A148BDF9} = {F6F21BCD-77A1-4DFC-8BED-CD689BB66866}
		{417E7705-46BC-4933-BE9F-899DA3FC1D09} = {F6F21BCD-77A1-4DFC-8BED-CD689BB66866}
		{6A02570E-C383-42F7-A063-DAA03A6EEB6C} = {F6F21BCD-77A1-4DFC-8BED-CD689BB66866}
		{B0761B7B-D86D-403F-A22E-72C589D24BF7} = {F6F21BCD-77A1-4DFC-8BED-CD689BB66866}
		{D4D7564F-2A8A-463D-B92F-4CB1D30AA24D} = {F6F21BCD-77A1-4DFC-8BED-CD689BB66866}
		{DA0BB8CA-7D0B-46A7-9343-424819D4F245} = {F6F21BCD-77A1-4DFC-8BED-CD689BB66866}
		{8FDF65D9-551D-4BA8-9ED4-94A89CA74355} = {F6F21BCD-77A1-4DFC-8BED-CD689BB66866}
		{A482A83C-6CEB-4445-B461-44FEB035F436} = {F6F21BCD-77A1-4DFC-8BED-CD689BB66866}
		{A34729DC-BB8B-4343-9EE9-4AB78E7449E3} = {F6F21BCD-77A1-4DFC-8BED-CD689BB66866}
		{709EB09E-11A6-44A0-92C5-8007257FB2D5} = {F6F21BCD-77A1-4DFC-8BED-CD689BB66866}
		{5D826D00-CE56-4880-BEC0-7B7E19014925} = {F6F21BCD-77A1-4DFC-8BED-CD689BB66866}
	EndGlobalSection
	GlobalSection(ExtensibilityGlobals) = postSolution
		SolutionGuid = {37148EF4-32F4-49AB-B9CA-77AAB26BF4A6}
	EndGlobalSection
EndGlobal
